// !$*UTF8*$!
{
	archiveVersion = 1;
	classes = {
	};
	objectVersion = 46;
	objects = {

/* Begin PBXBuildFile section */
		1807AA701E84B04600F4FD95 /* PhotoItem.swift in Sources */ = {isa = PBXBuildFile; fileRef = 1807AA6F1E84B04600F4FD95 /* PhotoItem.swift */; };
		1807AA741E84B25900F4FD95 /* PhotoList.swift in Sources */ = {isa = PBXBuildFile; fileRef = 1807AA731E84B25900F4FD95 /* PhotoList.swift */; };
		181CEF9A1E8678EB00F501AB /* ImageDetailViewController.swift in Sources */ = {isa = PBXBuildFile; fileRef = 181CEF991E8678EB00F501AB /* ImageDetailViewController.swift */; };
		182F1FF41E85119900E27A11 /* PhotoCell.swift in Sources */ = {isa = PBXBuildFile; fileRef = 182F1FF31E85119900E27A11 /* PhotoCell.swift */; };
		186F0BCC1E83CDD20014818D /* ImageCollectionViewController.swift in Sources */ = {isa = PBXBuildFile; fileRef = 186F0BCB1E83CDD20014818D /* ImageCollectionViewController.swift */; };
		1871B63F1E8386A100756CD5 /* AppDelegate.swift in Sources */ = {isa = PBXBuildFile; fileRef = 1871B63E1E8386A100756CD5 /* AppDelegate.swift */; };
		1871B6411E8386A100756CD5 /* ViewController.swift in Sources */ = {isa = PBXBuildFile; fileRef = 1871B6401E8386A100756CD5 /* ViewController.swift */; };
		1871B6441E8386A100756CD5 /* Main.storyboard in Resources */ = {isa = PBXBuildFile; fileRef = 1871B6421E8386A100756CD5 /* Main.storyboard */; };
		1871B6461E8386A100756CD5 /* Assets.xcassets in Resources */ = {isa = PBXBuildFile; fileRef = 1871B6451E8386A100756CD5 /* Assets.xcassets */; };
		1871B6491E8386A100756CD5 /* LaunchScreen.storyboard in Resources */ = {isa = PBXBuildFile; fileRef = 1871B6471E8386A100756CD5 /* LaunchScreen.storyboard */; };
		1871B6541E8386A100756CD5 /* FlickrExplorerTests.swift in Sources */ = {isa = PBXBuildFile; fileRef = 1871B6531E8386A100756CD5 /* FlickrExplorerTests.swift */; };
		18805D3E1E8779C600EBE1DF /* PhotosBasedOnSearch.swift in Sources */ = {isa = PBXBuildFile; fileRef = 18805D3D1E8779C500EBE1DF /* PhotosBasedOnSearch.swift */; };
		18E4AFA01E87EE4200AB589E /* flickr-logo.jpg in Resources */ = {isa = PBXBuildFile; fileRef = 18E4AF9F1E87EE4200AB589E /* flickr-logo.jpg */; };
		B49ECD60AA158ECA78566596 /* Pods_FlickrExplorer.framework in Frameworks */ = {isa = PBXBuildFile; fileRef = C156A5C45D2E00D71B938D44 /* Pods_FlickrExplorer.framework */; };
/* End PBXBuildFile section */

/* Begin PBXContainerItemProxy section */
		1871B6501E8386A100756CD5 /* PBXContainerItemProxy */ = {
			isa = PBXContainerItemProxy;
			containerPortal = 1871B6331E8386A100756CD5 /* Project object */;
			proxyType = 1;
			remoteGlobalIDString = 1871B63A1E8386A100756CD5;
			remoteInfo = FlickrExplorer;
		};
/* End PBXContainerItemProxy section */

/* Begin PBXFileReference section */
		1807AA6F1E84B04600F4FD95 /* PhotoItem.swift */ = {isa = PBXFileReference; fileEncoding = 4; lastKnownFileType = sourcecode.swift; path = PhotoItem.swift; sourceTree = "<group>"; };
		1807AA731E84B25900F4FD95 /* PhotoList.swift */ = {isa = PBXFileReference; fileEncoding = 4; lastKnownFileType = sourcecode.swift; path = PhotoList.swift; sourceTree = "<group>"; };
		1814E2F889899F9F4C82895F /* Pods-FlickrExplorer.debug.xcconfig */ = {isa = PBXFileReference; includeInIndex = 1; lastKnownFileType = text.xcconfig; name = "Pods-FlickrExplorer.debug.xcconfig"; path = "Pods/Target Support Files/Pods-FlickrExplorer/Pods-FlickrExplorer.debug.xcconfig"; sourceTree = "<group>"; };
		181CEF991E8678EB00F501AB /* ImageDetailViewController.swift */ = {isa = PBXFileReference; fileEncoding = 4; lastKnownFileType = sourcecode.swift; path = ImageDetailViewController.swift; sourceTree = "<group>"; };
		182F1FF31E85119900E27A11 /* PhotoCell.swift */ = {isa = PBXFileReference; fileEncoding = 4; lastKnownFileType = sourcecode.swift; path = PhotoCell.swift; sourceTree = "<group>"; };
		186F0BCB1E83CDD20014818D /* ImageCollectionViewController.swift */ = {isa = PBXFileReference; fileEncoding = 4; lastKnownFileType = sourcecode.swift; path = ImageCollectionViewController.swift; sourceTree = "<group>"; };
		1871B63B1E8386A100756CD5 /* FlickrExplorer.app */ = {isa = PBXFileReference; explicitFileType = wrapper.application; includeInIndex = 0; path = FlickrExplorer.app; sourceTree = BUILT_PRODUCTS_DIR; };
		1871B63E1E8386A100756CD5 /* AppDelegate.swift */ = {isa = PBXFileReference; lastKnownFileType = sourcecode.swift; path = AppDelegate.swift; sourceTree = "<group>"; };
		1871B6401E8386A100756CD5 /* ViewController.swift */ = {isa = PBXFileReference; lastKnownFileType = sourcecode.swift; path = ViewController.swift; sourceTree = "<group>"; };
		1871B6431E8386A100756CD5 /* Base */ = {isa = PBXFileReference; lastKnownFileType = file.storyboard; name = Base; path = Base.lproj/Main.storyboard; sourceTree = "<group>"; };
		1871B6451E8386A100756CD5 /* Assets.xcassets */ = {isa = PBXFileReference; lastKnownFileType = folder.assetcatalog; path = Assets.xcassets; sourceTree = "<group>"; };
		1871B6481E8386A100756CD5 /* Base */ = {isa = PBXFileReference; lastKnownFileType = file.storyboard; name = Base; path = Base.lproj/LaunchScreen.storyboard; sourceTree = "<group>"; };
		1871B64A1E8386A100756CD5 /* Info.plist */ = {isa = PBXFileReference; lastKnownFileType = text.plist.xml; path = Info.plist; sourceTree = "<group>"; };
		1871B64F1E8386A100756CD5 /* FlickrExplorerTests.xctest */ = {isa = PBXFileReference; explicitFileType = wrapper.cfbundle; includeInIndex = 0; path = FlickrExplorerTests.xctest; sourceTree = BUILT_PRODUCTS_DIR; };
		1871B6531E8386A100756CD5 /* FlickrExplorerTests.swift */ = {isa = PBXFileReference; lastKnownFileType = sourcecode.swift; path = FlickrExplorerTests.swift; sourceTree = "<group>"; };
		1871B6551E8386A100756CD5 /* Info.plist */ = {isa = PBXFileReference; lastKnownFileType = text.plist.xml; path = Info.plist; sourceTree = "<group>"; };
		18805D3D1E8779C500EBE1DF /* PhotosBasedOnSearch.swift */ = {isa = PBXFileReference; fileEncoding = 4; lastKnownFileType = sourcecode.swift; path = PhotosBasedOnSearch.swift; sourceTree = "<group>"; };
		18E4AF9F1E87EE4200AB589E /* flickr-logo.jpg */ = {isa = PBXFileReference; lastKnownFileType = image.jpeg; path = "flickr-logo.jpg"; sourceTree = "<group>"; };
		A5D71286AAB64AB3F25281E5 /* Pods-FlickrExplorer.release.xcconfig */ = {isa = PBXFileReference; includeInIndex = 1; lastKnownFileType = text.xcconfig; name = "Pods-FlickrExplorer.release.xcconfig"; path = "Pods/Target Support Files/Pods-FlickrExplorer/Pods-FlickrExplorer.release.xcconfig"; sourceTree = "<group>"; };
		C156A5C45D2E00D71B938D44 /* Pods_FlickrExplorer.framework */ = {isa = PBXFileReference; explicitFileType = wrapper.framework; includeInIndex = 0; path = Pods_FlickrExplorer.framework; sourceTree = BUILT_PRODUCTS_DIR; };
/* End PBXFileReference section */

/* Begin PBXFrameworksBuildPhase section */
		1871B6381E8386A100756CD5 /* Frameworks */ = {
			isa = PBXFrameworksBuildPhase;
			buildActionMask = 2147483647;
			files = (
				B49ECD60AA158ECA78566596 /* Pods_FlickrExplorer.framework in Frameworks */,
			);
			runOnlyForDeploymentPostprocessing = 0;
		};
		1871B64C1E8386A100756CD5 /* Frameworks */ = {
			isa = PBXFrameworksBuildPhase;
			buildActionMask = 2147483647;
			files = (
			);
			runOnlyForDeploymentPostprocessing = 0;
		};
/* End PBXFrameworksBuildPhase section */

/* Begin PBXGroup section */
		181CEF981E8678D100F501AB /* ShowImageDetail */ = {
			isa = PBXGroup;
			children = (
				181CEF991E8678EB00F501AB /* ImageDetailViewController.swift */,
			);
			name = ShowImageDetail;
			sourceTree = "<group>";
		};
		186F0BCA1E83CDA50014818D /* ImageCollection */ = {
			isa = PBXGroup;
			children = (
				186F0BCB1E83CDD20014818D /* ImageCollectionViewController.swift */,
				182F1FF31E85119900E27A11 /* PhotoCell.swift */,
				18805D3D1E8779C500EBE1DF /* PhotosBasedOnSearch.swift */,
			);
			name = ImageCollection;
			sourceTree = "<group>";
		};
		1871B6321E8386A100756CD5 = {
			isa = PBXGroup;
			children = (
				1871B63D1E8386A100756CD5 /* FlickrExplorer */,
				1871B6521E8386A100756CD5 /* FlickrExplorerTests */,
				1871B63C1E8386A100756CD5 /* Products */,
				F07B0EE7C02B07BA7C087B1D /* Pods */,
				57280BF217EE4095AF4A5F0F /* Frameworks */,
			);
			sourceTree = "<group>";
		};
		1871B63C1E8386A100756CD5 /* Products */ = {
			isa = PBXGroup;
			children = (
				1871B63B1E8386A100756CD5 /* FlickrExplorer.app */,
				1871B64F1E8386A100756CD5 /* FlickrExplorerTests.xctest */,
			);
			name = Products;
			sourceTree = "<group>";
		};
		1871B63D1E8386A100756CD5 /* FlickrExplorer */ = {
			isa = PBXGroup;
			children = (
				181CEF981E8678D100F501AB /* ShowImageDetail */,
				186F0BCA1E83CDA50014818D /* ImageCollection */,
				1871B63E1E8386A100756CD5 /* AppDelegate.swift */,
				1807AA731E84B25900F4FD95 /* PhotoList.swift */,
				1807AA6F1E84B04600F4FD95 /* PhotoItem.swift */,
				1871B6401E8386A100756CD5 /* ViewController.swift */,
				1871B6421E8386A100756CD5 /* Main.storyboard */,
				1871B6451E8386A100756CD5 /* Assets.xcassets */,
				1871B6471E8386A100756CD5 /* LaunchScreen.storyboard */,
				18E4AF9F1E87EE4200AB589E /* flickr-logo.jpg */,
				1871B64A1E8386A100756CD5 /* Info.plist */,
			);
			path = FlickrExplorer;
			sourceTree = "<group>";
		};
		1871B6521E8386A100756CD5 /* FlickrExplorerTests */ = {
			isa = PBXGroup;
			children = (
				1871B6531E8386A100756CD5 /* FlickrExplorerTests.swift */,
				1871B6551E8386A100756CD5 /* Info.plist */,
			);
			path = FlickrExplorerTests;
			sourceTree = "<group>";
		};
		57280BF217EE4095AF4A5F0F /* Frameworks */ = {
			isa = PBXGroup;
			children = (
				C156A5C45D2E00D71B938D44 /* Pods_FlickrExplorer.framework */,
			);
			name = Frameworks;
			sourceTree = "<group>";
		};
		F07B0EE7C02B07BA7C087B1D /* Pods */ = {
			isa = PBXGroup;
			children = (
				1814E2F889899F9F4C82895F /* Pods-FlickrExplorer.debug.xcconfig */,
				A5D71286AAB64AB3F25281E5 /* Pods-FlickrExplorer.release.xcconfig */,
			);
			name = Pods;
			sourceTree = "<group>";
		};
/* End PBXGroup section */

/* Begin PBXNativeTarget section */
		1871B63A1E8386A100756CD5 /* FlickrExplorer */ = {
			isa = PBXNativeTarget;
			buildConfigurationList = 1871B6581E8386A100756CD5 /* Build configuration list for PBXNativeTarget "FlickrExplorer" */;
			buildPhases = (
				5F2DA79A5C3A2A99BE44FCDE /* [CP] Check Pods Manifest.lock */,
				1871B6371E8386A100756CD5 /* Sources */,
				1871B6381E8386A100756CD5 /* Frameworks */,
				1871B6391E8386A100756CD5 /* Resources */,
				20AB843CBB23BA60CB6CEB50 /* [CP] Embed Pods Frameworks */,
				0E0F57CB91A666BDD4989A9B /* [CP] Copy Pods Resources */,
			);
			buildRules = (
			);
			dependencies = (
			);
			name = FlickrExplorer;
			productName = FlickrExplorer;
			productReference = 1871B63B1E8386A100756CD5 /* FlickrExplorer.app */;
			productType = "com.apple.product-type.application";
		};
		1871B64E1E8386A100756CD5 /* FlickrExplorerTests */ = {
			isa = PBXNativeTarget;
			buildConfigurationList = 1871B65B1E8386A100756CD5 /* Build configuration list for PBXNativeTarget "FlickrExplorerTests" */;
			buildPhases = (
				1871B64B1E8386A100756CD5 /* Sources */,
				1871B64C1E8386A100756CD5 /* Frameworks */,
				1871B64D1E8386A100756CD5 /* Resources */,
			);
			buildRules = (
			);
			dependencies = (
				1871B6511E8386A100756CD5 /* PBXTargetDependency */,
			);
			name = FlickrExplorerTests;
			productName = FlickrExplorerTests;
			productReference = 1871B64F1E8386A100756CD5 /* FlickrExplorerTests.xctest */;
			productType = "com.apple.product-type.bundle.unit-test";
		};
/* End PBXNativeTarget section */

/* Begin PBXProject section */
		1871B6331E8386A100756CD5 /* Project object */ = {
			isa = PBXProject;
			attributes = {
				LastSwiftUpdateCheck = 0820;
				LastUpgradeCheck = 0830;
				ORGANIZATIONNAME = Tac;
				TargetAttributes = {
					1871B63A1E8386A100756CD5 = {
						CreatedOnToolsVersion = 8.2.1;
						DevelopmentTeam = 8M53443RR5;
						ProvisioningStyle = Automatic;
					};
					1871B64E1E8386A100756CD5 = {
						CreatedOnToolsVersion = 8.2.1;
						DevelopmentTeam = 8M53443RR5;
						ProvisioningStyle = Automatic;
						TestTargetID = 1871B63A1E8386A100756CD5;
					};
				};
			};
			buildConfigurationList = 1871B6361E8386A100756CD5 /* Build configuration list for PBXProject "FlickrExplorer" */;
			compatibilityVersion = "Xcode 3.2";
			developmentRegion = English;
			hasScannedForEncodings = 0;
			knownRegions = (
				en,
				Base,
			);
			mainGroup = 1871B6321E8386A100756CD5;
			productRefGroup = 1871B63C1E8386A100756CD5 /* Products */;
			projectDirPath = "";
			projectRoot = "";
			targets = (
				1871B63A1E8386A100756CD5 /* FlickrExplorer */,
				1871B64E1E8386A100756CD5 /* FlickrExplorerTests */,
			);
		};
/* End PBXProject section */

/* Begin PBXResourcesBuildPhase section */
		1871B6391E8386A100756CD5 /* Resources */ = {
			isa = PBXResourcesBuildPhase;
			buildActionMask = 2147483647;
			files = (
				1871B6491E8386A100756CD5 /* LaunchScreen.storyboard in Resources */,
				1871B6461E8386A100756CD5 /* Assets.xcassets in Resources */,
				1871B6441E8386A100756CD5 /* Main.storyboard in Resources */,
				18E4AFA01E87EE4200AB589E /* flickr-logo.jpg in Resources */,
			);
			runOnlyForDeploymentPostprocessing = 0;
		};
		1871B64D1E8386A100756CD5 /* Resources */ = {
			isa = PBXResourcesBuildPhase;
			buildActionMask = 2147483647;
			files = (
			);
			runOnlyForDeploymentPostprocessing = 0;
		};
/* End PBXResourcesBuildPhase section */

/* Begin PBXShellScriptBuildPhase section */
		0E0F57CB91A666BDD4989A9B /* [CP] Copy Pods Resources */ = {
			isa = PBXShellScriptBuildPhase;
			buildActionMask = 2147483647;
			files = (
			);
			inputPaths = (
			);
			name = "[CP] Copy Pods Resources";
			outputPaths = (
			);
			runOnlyForDeploymentPostprocessing = 0;
			shellPath = /bin/sh;
			shellScript = "\"${SRCROOT}/Pods/Target Support Files/Pods-FlickrExplorer/Pods-FlickrExplorer-resources.sh\"\n";
			showEnvVarsInLog = 0;
		};
		20AB843CBB23BA60CB6CEB50 /* [CP] Embed Pods Frameworks */ = {
			isa = PBXShellScriptBuildPhase;
			buildActionMask = 2147483647;
			files = (
			);
			inputPaths = (
			);
			name = "[CP] Embed Pods Frameworks";
			outputPaths = (
			);
			runOnlyForDeploymentPostprocessing = 0;
			shellPath = /bin/sh;
			shellScript = "\"${SRCROOT}/Pods/Target Support Files/Pods-FlickrExplorer/Pods-FlickrExplorer-frameworks.sh\"\n";
			showEnvVarsInLog = 0;
		};
		5F2DA79A5C3A2A99BE44FCDE /* [CP] Check Pods Manifest.lock */ = {
			isa = PBXShellScriptBuildPhase;
			buildActionMask = 2147483647;
			files = (
			);
			inputPaths = (
			);
			name = "[CP] Check Pods Manifest.lock";
			outputPaths = (
			);
			runOnlyForDeploymentPostprocessing = 0;
			shellPath = /bin/sh;
			shellScript = "diff \"${PODS_ROOT}/../Podfile.lock\" \"${PODS_ROOT}/Manifest.lock\" > /dev/null\nif [ $? != 0 ] ; then\n    # print error to STDERR\n    echo \"error: The sandbox is not in sync with the Podfile.lock. Run 'pod install' or update your CocoaPods installation.\" >&2\n    exit 1\nfi\n";
			showEnvVarsInLog = 0;
		};
/* End PBXShellScriptBuildPhase section */

/* Begin PBXSourcesBuildPhase section */
		1871B6371E8386A100756CD5 /* Sources */ = {
			isa = PBXSourcesBuildPhase;
			buildActionMask = 2147483647;
			files = (
				186F0BCC1E83CDD20014818D /* ImageCollectionViewController.swift in Sources */,
				1807AA741E84B25900F4FD95 /* PhotoList.swift in Sources */,
				181CEF9A1E8678EB00F501AB /* ImageDetailViewController.swift in Sources */,
				1871B6411E8386A100756CD5 /* ViewController.swift in Sources */,
				18805D3E1E8779C600EBE1DF /* PhotosBasedOnSearch.swift in Sources */,
				1871B63F1E8386A100756CD5 /* AppDelegate.swift in Sources */,
				182F1FF41E85119900E27A11 /* PhotoCell.swift in Sources */,
				1807AA701E84B04600F4FD95 /* PhotoItem.swift in Sources */,
			);
			runOnlyForDeploymentPostprocessing = 0;
		};
		1871B64B1E8386A100756CD5 /* Sources */ = {
			isa = PBXSourcesBuildPhase;
			buildActionMask = 2147483647;
			files = (
				1871B6541E8386A100756CD5 /* FlickrExplorerTests.swift in Sources */,
			);
			runOnlyForDeploymentPostprocessing = 0;
		};
/* End PBXSourcesBuildPhase section */

/* Begin PBXTargetDependency section */
		1871B6511E8386A100756CD5 /* PBXTargetDependency */ = {
			isa = PBXTargetDependency;
			target = 1871B63A1E8386A100756CD5 /* FlickrExplorer */;
			targetProxy = 1871B6501E8386A100756CD5 /* PBXContainerItemProxy */;
		};
/* End PBXTargetDependency section */

/* Begin PBXVariantGroup section */
		1871B6421E8386A100756CD5 /* Main.storyboard */ = {
			isa = PBXVariantGroup;
			children = (
				1871B6431E8386A100756CD5 /* Base */,
			);
			name = Main.storyboard;
			sourceTree = "<group>";
		};
		1871B6471E8386A100756CD5 /* LaunchScreen.storyboard */ = {
			isa = PBXVariantGroup;
			children = (
				1871B6481E8386A100756CD5 /* Base */,
			);
			name = LaunchScreen.storyboard;
			sourceTree = "<group>";
		};
/* End PBXVariantGroup section */

/* Begin XCBuildConfiguration section */
		1871B6561E8386A100756CD5 /* Debug */ = {
			isa = XCBuildConfiguration;
			buildSettings = {
				ALWAYS_SEARCH_USER_PATHS = NO;
				CLANG_ANALYZER_NONNULL = YES;
				CLANG_CXX_LANGUAGE_STANDARD = "gnu++0x";
				CLANG_CXX_LIBRARY = "libc++";
				CLANG_ENABLE_MODULES = YES;
				CLANG_ENABLE_OBJC_ARC = YES;
				CLANG_WARN_BOOL_CONVERSION = YES;
				CLANG_WARN_CONSTANT_CONVERSION = YES;
				CLANG_WARN_DIRECT_OBJC_ISA_USAGE = YES_ERROR;
				CLANG_WARN_DOCUMENTATION_COMMENTS = YES;
				CLANG_WARN_EMPTY_BODY = YES;
				CLANG_WARN_ENUM_CONVERSION = YES;
				CLANG_WARN_INFINITE_RECURSION = YES;
				CLANG_WARN_INT_CONVERSION = YES;
				CLANG_WARN_OBJC_ROOT_CLASS = YES_ERROR;
				CLANG_WARN_SUSPICIOUS_MOVE = YES;
				CLANG_WARN_UNREACHABLE_CODE = YES;
				CLANG_WARN__DUPLICATE_METHOD_MATCH = YES;
				"CODE_SIGN_IDENTITY[sdk=iphoneos*]" = "iPhone Developer";
				COPY_PHASE_STRIP = NO;
				DEBUG_INFORMATION_FORMAT = dwarf;
				ENABLE_STRICT_OBJC_MSGSEND = YES;
				ENABLE_TESTABILITY = YES;
				GCC_C_LANGUAGE_STANDARD = gnu99;
				GCC_DYNAMIC_NO_PIC = NO;
				GCC_NO_COMMON_BLOCKS = YES;
				GCC_OPTIMIZATION_LEVEL = 0;
				GCC_PREPROCESSOR_DEFINITIONS = (
					"DEBUG=1",
					"$(inherited)",
				);
				GCC_WARN_64_TO_32_BIT_CONVERSION = YES;
				GCC_WARN_ABOUT_RETURN_TYPE = YES_ERROR;
				GCC_WARN_UNDECLARED_SELECTOR = YES;
				GCC_WARN_UNINITIALIZED_AUTOS = YES_AGGRESSIVE;
				GCC_WARN_UNUSED_FUNCTION = YES;
				GCC_WARN_UNUSED_VARIABLE = YES;
				IPHONEOS_DEPLOYMENT_TARGET = 9.0;
				MTL_ENABLE_DEBUG_INFO = YES;
				ONLY_ACTIVE_ARCH = YES;
				SDKROOT = iphoneos;
				SWIFT_ACTIVE_COMPILATION_CONDITIONS = DEBUG;
				SWIFT_OPTIMIZATION_LEVEL = "-Onone";
				TARGETED_DEVICE_FAMILY = "1,2";
			};
			name = Debug;
		};
		1871B6571E8386A100756CD5 /* Release */ = {
			isa = XCBuildConfiguration;
			buildSettings = {
				ALWAYS_SEARCH_USER_PATHS = NO;
				CLANG_ANALYZER_NONNULL = YES;
				CLANG_CXX_LANGUAGE_STANDARD = "gnu++0x";
				CLANG_CXX_LIBRARY = "libc++";
				CLANG_ENABLE_MODULES = YES;
				CLANG_ENABLE_OBJC_ARC = YES;
				CLANG_WARN_BOOL_CONVERSION = YES;
				CLANG_WARN_CONSTANT_CONVERSION = YES;
				CLANG_WARN_DIRECT_OBJC_ISA_USAGE = YES_ERROR;
				CLANG_WARN_DOCUMENTATION_COMMENTS = YES;
				CLANG_WARN_EMPTY_BODY = YES;
				CLANG_WARN_ENUM_CONVERSION = YES;
				CLANG_WARN_INFINITE_RECURSION = YES;
				CLANG_WARN_INT_CONVERSION = YES;
				CLANG_WARN_OBJC_ROOT_CLASS = YES_ERROR;
				CLANG_WARN_SUSPICIOUS_MOVE = YES;
				CLANG_WARN_UNREACHABLE_CODE = YES;
				CLANG_WARN__DUPLICATE_METHOD_MATCH = YES;
				"CODE_SIGN_IDENTITY[sdk=iphoneos*]" = "iPhone Developer";
				COPY_PHASE_STRIP = NO;
				DEBUG_INFORMATION_FORMAT = "dwarf-with-dsym";
				ENABLE_NS_ASSERTIONS = NO;
				ENABLE_STRICT_OBJC_MSGSEND = YES;
				GCC_C_LANGUAGE_STANDARD = gnu99;
				GCC_NO_COMMON_BLOCKS = YES;
				GCC_WARN_64_TO_32_BIT_CONVERSION = YES;
				GCC_WARN_ABOUT_RETURN_TYPE = YES_ERROR;
				GCC_WARN_UNDECLARED_SELECTOR = YES;
				GCC_WARN_UNINITIALIZED_AUTOS = YES_AGGRESSIVE;
				GCC_WARN_UNUSED_FUNCTION = YES;
				GCC_WARN_UNUSED_VARIABLE = YES;
				IPHONEOS_DEPLOYMENT_TARGET = 9.0;
				MTL_ENABLE_DEBUG_INFO = NO;
				SDKROOT = iphoneos;
				SWIFT_OPTIMIZATION_LEVEL = "-Owholemodule";
				TARGETED_DEVICE_FAMILY = "1,2";
				VALIDATE_PRODUCT = YES;
			};
			name = Release;
		};
		1871B6591E8386A100756CD5 /* Debug */ = {
			isa = XCBuildConfiguration;
			baseConfigurationReference = 1814E2F889899F9F4C82895F /* Pods-FlickrExplorer.debug.xcconfig */;
			buildSettings = {
				ALWAYS_EMBED_SWIFT_STANDARD_LIBRARIES = YES;
				ASSETCATALOG_COMPILER_APPICON_NAME = AppIcon;
				DEVELOPMENT_TEAM = 8M53443RR5;
				INFOPLIST_FILE = FlickrExplorer/Info.plist;
				IPHONEOS_DEPLOYMENT_TARGET = 9.0;
				LD_RUNPATH_SEARCH_PATHS = "$(inherited) @executable_path/Frameworks";
				PRODUCT_BUNDLE_IDENTIFIER = com.tacdan.FlickrExplorer;
				PRODUCT_NAME = "$(TARGET_NAME)";
				SWIFT_VERSION = 3.0;
			};
			name = Debug;
		};
		1871B65A1E8386A100756CD5 /* Release */ = {
			isa = XCBuildConfiguration;
			baseConfigurationReference = A5D71286AAB64AB3F25281E5 /* Pods-FlickrExplorer.release.xcconfig */;
			buildSettings = {
				ALWAYS_EMBED_SWIFT_STANDARD_LIBRARIES = YES;
				ASSETCATALOG_COMPILER_APPICON_NAME = AppIcon;
				DEVELOPMENT_TEAM = 8M53443RR5;
				INFOPLIST_FILE = FlickrExplorer/Info.plist;
				IPHONEOS_DEPLOYMENT_TARGET = 9.0;
				LD_RUNPATH_SEARCH_PATHS = "$(inherited) @executable_path/Frameworks";
				PRODUCT_BUNDLE_IDENTIFIER = com.tacdan.FlickrExplorer;
				PRODUCT_NAME = "$(TARGET_NAME)";
				SWIFT_VERSION = 3.0;
			};
			name = Release;
		};
		1871B65C1E8386A100756CD5 /* Debug */ = {
			isa = XCBuildConfiguration;
			buildSettings = {
				ALWAYS_EMBED_SWIFT_STANDARD_LIBRARIES = YES;
				BUNDLE_LOADER = "$(TEST_HOST)";
				DEVELOPMENT_TEAM = 8M53443RR5;
				INFOPLIST_FILE = FlickrExplorerTests/Info.plist;
				LD_RUNPATH_SEARCH_PATHS = "$(inherited) @executable_path/Frameworks @loader_path/Frameworks";
				PRODUCT_BUNDLE_IDENTIFIER = com.tacdan.FlickrExplorerTests;
				PRODUCT_NAME = "$(TARGET_NAME)";
				SWIFT_VERSION = 3.0;
				TEST_HOST = "$(BUILT_PRODUCTS_DIR)/FlickrExplorer.app/FlickrExplorer";
			};
			name = Debug;
		};
		1871B65D1E8386A100756CD5 /* Release */ = {
			isa = XCBuildConfiguration;
			buildSettings = {
				ALWAYS_EMBED_SWIFT_STANDARD_LIBRARIES = YES;
				BUNDLE_LOADER = "$(TEST_HOST)";
				DEVELOPMENT_TEAM = 8M53443RR5;
				INFOPLIST_FILE = FlickrExplorerTests/Info.plist;
				LD_RUNPATH_SEARCH_PATHS = "$(inherited) @executable_path/Frameworks @loader_path/Frameworks";
				PRODUCT_BUNDLE_IDENTIFIER = com.tacdan.FlickrExplorerTests;
				PRODUCT_NAME = "$(TARGET_NAME)";
				SWIFT_VERSION = 3.0;
				TEST_HOST = "$(BUILT_PRODUCTS_DIR)/FlickrExplorer.app/FlickrExplorer";
			};
			name = Release;
		};
/* End XCBuildConfiguration section */

/* Begin XCConfigurationList section */
		1871B6361E8386A100756CD5 /* Build configuration list for PBXProject "FlickrExplorer" */ = {
			isa = XCConfigurationList;
			buildConfigurations = (
				1871B6561E8386A100756CD5 /* Debug */,
				1871B6571E8386A100756CD5 /* Release */,
			);
			defaultConfigurationIsVisible = 0;
			defaultConfigurationName = Release;
		};
		1871B6581E8386A100756CD5 /* Build configuration list for PBXNativeTarget "FlickrExplorer" */ = {
			isa = XCConfigurationList;
			buildConfigurations = (
				1871B6591E8386A100756CD5 /* Debug */,
				1871B65A1E8386A100756CD5 /* Release */,
			);
			defaultConfigurationIsVisible = 0;
			defaultConfigurationName = Release;
		};
		1871B65B1E8386A100756CD5 /* Build configuration list for PBXNativeTarget "FlickrExplorerTests" */ = {
			isa = XCConfigurationList;
			buildConfigurations = (
				1871B65C1E8386A100756CD5 /* Debug */,
				1871B65D1E8386A100756CD5 /* Release */,
			);
			defaultConfigurationIsVisible = 0;
			defaultConfigurationName = Release;
		};
/* End XCConfigurationList section */
	};
	rootObject = 1871B6331E8386A100756CD5 /* Project object */;
}
